
Microsoft Visual Studio Solution File, Format Version 12.00
# Visual Studio Version 17
VisualStudioVersion = 17.5.002.0
MinimumVisualStudioVersion = 10.0.40219.1
Project("{2150E333-8FDC-42A3-9474-1A3956D46DE8}") = "src", "src", "{253C2735-F514-4176-B53B-E2976768196A}"
EndProject
Project("{FAE04EC0-301F-11D3-BF4B-00C04F79EFBC}") = "CineControl.IdentityService.API", "src\CineControl.IdentityService.API\CineControl.IdentityService.API.csproj", "{D35E4555-9AEE-477B-8BDA-0C9FFB07B0D6}"
EndProject
Project("{FAE04EC0-301F-11D3-BF4B-00C04F79EFBC}") = "CineControl.SeanceService.API", "src\CineControl.SeanceService.API\CineControl.SeanceService.API.csproj", "{3D945283-5D4C-4DED-9A19-56651307A31F}"
EndProject
Project("{FAE04EC0-301F-11D3-BF4B-00C04F79EFBC}") = "CineControl.CinemaService.API", "src\CineControl.CinemaService.API\CineControl.CinemaService.API.csproj", "{3F05309E-4081-47E9-BF54-4DBA74B04F4F}"
EndProject
Project("{2150E333-8FDC-42A3-9474-1A3956D46DE8}") = "Common", "Common", "{D361E00D-8A30-47EE-A2B4-F4A745C90D5D}"
EndProject
Project("{FAE04EC0-301F-11D3-BF4B-00C04F79EFBC}") = "CineControl.Common.ServiceDefaults", "src\Common\CineControl.Common.ServiceDefaults\CineControl.Common.ServiceDefaults.csproj", "{79EEA66B-A40D-4B7E-9E9A-B27259583C43}"
EndProject
Project("{FAE04EC0-301F-11D3-BF4B-00C04F79EFBC}") = "CineControl.Common", "src\Common\CineControl.Common\CineControl.Common.csproj", "{54E662A5-E97F-4CE5-BE0A-80C52AF06BAC}"
EndProject
Project("{FAE04EC0-301F-11D3-BF4B-00C04F79EFBC}") = "CineControl.OperatorPanel", "src\CineControl.OperatorPanel\CineControl.OperatorPanel.csproj", "{A2BF9F96-AB3A-43EC-A8AE-ABBBD10C61C5}"
EndProject
Project("{FAE04EC0-301F-11D3-BF4B-00C04F79EFBC}") = "CineControl.Common.Clients.IdentityService", "src\Common\CineControl.Common.Clients.IdentityService\CineControl.Common.Clients.IdentityService.csproj", "{2EDB51E6-7409-40EF-901A-41519DACF61E}"
EndProject
Project("{FAE04EC0-301F-11D3-BF4B-00C04F79EFBC}") = "CineControl.BookingService.API", "src\CineControl.BookingService.API\CineControl.BookingService.API.csproj", "{EAAAF6BB-50EB-4BBD-A5C3-B1EFA31B0CE6}"
EndProject
Project("{FAE04EC0-301F-11D3-BF4B-00C04F79EFBC}") = "CineControl.WebsiteGateway", "src\CineControl.WebsiteGateway\CineControl.WebsiteGateway.csproj", "{A759108B-A2F4-44CF-A6CB-A0905B9BCAB4}"
EndProject
Global
	GlobalSection(SolutionConfigurationPlatforms) = preSolution
		Debug|Any CPU = Debug|Any CPU
		Release|Any CPU = Release|Any CPU
	EndGlobalSection
	GlobalSection(ProjectConfigurationPlatforms) = postSolution
		{D35E4555-9AEE-477B-8BDA-0C9FFB07B0D6}.Debug|Any CPU.ActiveCfg = Debug|Any CPU
		{D35E4555-9AEE-477B-8BDA-0C9FFB07B0D6}.Debug|Any CPU.Build.0 = Debug|Any CPU
		{D35E4555-9AEE-477B-8BDA-0C9FFB07B0D6}.Release|Any CPU.ActiveCfg = Release|Any CPU
		{D35E4555-9AEE-477B-8BDA-0C9FFB07B0D6}.Release|Any CPU.Build.0 = Release|Any CPU
		{3D945283-5D4C-4DED-9A19-56651307A31F}.Debug|Any CPU.ActiveCfg = Debug|Any CPU
		{3D945283-5D4C-4DED-9A19-56651307A31F}.Debug|Any CPU.Build.0 = Debug|Any CPU
		{3D945283-5D4C-4DED-9A19-56651307A31F}.Release|Any CPU.ActiveCfg = Release|Any CPU
		{3D945283-5D4C-4DED-9A19-56651307A31F}.Release|Any CPU.Build.0 = Release|Any CPU
		{3F05309E-4081-47E9-BF54-4DBA74B04F4F}.Debug|Any CPU.ActiveCfg = Debug|Any CPU
		{3F05309E-4081-47E9-BF54-4DBA74B04F4F}.Debug|Any CPU.Build.0 = Debug|Any CPU
		{3F05309E-4081-47E9-BF54-4DBA74B04F4F}.Release|Any CPU.ActiveCfg = Release|Any CPU
		{3F05309E-4081-47E9-BF54-4DBA74B04F4F}.Release|Any CPU.Build.0 = Release|Any CPU
		{79EEA66B-A40D-4B7E-9E9A-B27259583C43}.Debug|Any CPU.ActiveCfg = Debug|Any CPU
		{79EEA66B-A40D-4B7E-9E9A-B27259583C43}.Debug|Any CPU.Build.0 = Debug|Any CPU
		{79EEA66B-A40D-4B7E-9E9A-B27259583C43}.Release|Any CPU.ActiveCfg = Release|Any CPU
		{79EEA66B-A40D-4B7E-9E9A-B27259583C43}.Release|Any CPU.Build.0 = Release|Any CPU
		{54E662A5-E97F-4CE5-BE0A-80C52AF06BAC}.Debug|Any CPU.ActiveCfg = Debug|Any CPU
		{54E662A5-E97F-4CE5-BE0A-80C52AF06BAC}.Debug|Any CPU.Build.0 = Debug|Any CPU
		{54E662A5-E97F-4CE5-BE0A-80C52AF06BAC}.Release|Any CPU.ActiveCfg = Release|Any CPU
		{54E662A5-E97F-4CE5-BE0A-80C52AF06BAC}.Release|Any CPU.Build.0 = Release|Any CPU
		{A2BF9F96-AB3A-43EC-A8AE-ABBBD10C61C5}.Debug|Any CPU.ActiveCfg = Debug|Any CPU
		{A2BF9F96-AB3A-43EC-A8AE-ABBBD10C61C5}.Debug|Any CPU.Build.0 = Debug|Any CPU
		{A2BF9F96-AB3A-43EC-A8AE-ABBBD10C61C5}.Release|Any CPU.ActiveCfg = Release|Any CPU
		{A2BF9F96-AB3A-43EC-A8AE-ABBBD10C61C5}.Release|Any CPU.Build.0 = Release|Any CPU
		{2EDB51E6-7409-40EF-901A-41519DACF61E}.Debug|Any CPU.ActiveCfg = Debug|Any CPU
		{2EDB51E6-7409-40EF-901A-41519DACF61E}.Debug|Any CPU.Build.0 = Debug|Any CPU
		{2EDB51E6-7409-40EF-901A-41519DACF61E}.Release|Any CPU.ActiveCfg = Release|Any CPU
		{2EDB51E6-7409-40EF-901A-41519DACF61E}.Release|Any CPU.Build.0 = Release|Any CPU
		{B4C82C8A-4AA0-494E-9430-DE6D0D60702D}.Debug|Any CPU.ActiveCfg = Debug|Any CPU
		{B4C82C8A-4AA0-494E-9430-DE6D0D60702D}.Debug|Any CPU.Build.0 = Debug|Any CPU
		{B4C82C8A-4AA0-494E-9430-DE6D0D60702D}.Release|Any CPU.ActiveCfg = Release|Any CPU
		{B4C82C8A-4AA0-494E-9430-DE6D0D60702D}.Release|Any CPU.Build.0 = Release|Any CPU
		{EAAAF6BB-50EB-4BBD-A5C3-B1EFA31B0CE6}.Debug|Any CPU.ActiveCfg = Debug|Any CPU
		{EAAAF6BB-50EB-4BBD-A5C3-B1EFA31B0CE6}.Debug|Any CPU.Build.0 = Debug|Any CPU
		{EAAAF6BB-50EB-4BBD-A5C3-B1EFA31B0CE6}.Release|Any CPU.ActiveCfg = Release|Any CPU
		{EAAAF6BB-50EB-4BBD-A5C3-B1EFA31B0CE6}.Release|Any CPU.Build.0 = Release|Any CPU
		{A759108B-A2F4-44CF-A6CB-A0905B9BCAB4}.Debug|Any CPU.ActiveCfg = Debug|Any CPU
		{A759108B-A2F4-44CF-A6CB-A0905B9BCAB4}.Debug|Any CPU.Build.0 = Debug|Any CPU
		{A759108B-A2F4-44CF-A6CB-A0905B9BCAB4}.Release|Any CPU.ActiveCfg = Release|Any CPU
		{A759108B-A2F4-44CF-A6CB-A0905B9BCAB4}.Release|Any CPU.Build.0 = Release|Any CPU
	EndGlobalSection
	GlobalSection(SolutionProperties) = preSolution
		HideSolutionNode = FALSE
	EndGlobalSection
	GlobalSection(NestedProjects) = preSolution
		{D35E4555-9AEE-477B-8BDA-0C9FFB07B0D6} = {253C2735-F514-4176-B53B-E2976768196A}
		{3D945283-5D4C-4DED-9A19-56651307A31F} = {253C2735-F514-4176-B53B-E2976768196A}
		{3F05309E-4081-47E9-BF54-4DBA74B04F4F} = {253C2735-F514-4176-B53B-E2976768196A}
		{D361E00D-8A30-47EE-A2B4-F4A745C90D5D} = {253C2735-F514-4176-B53B-E2976768196A}
		{79EEA66B-A40D-4B7E-9E9A-B27259583C43} = {D361E00D-8A30-47EE-A2B4-F4A745C90D5D}
		{54E662A5-E97F-4CE5-BE0A-80C52AF06BAC} = {D361E00D-8A30-47EE-A2B4-F4A745C90D5D}
		{A2BF9F96-AB3A-43EC-A8AE-ABBBD10C61C5} = {253C2735-F514-4176-B53B-E2976768196A}
		{2EDB51E6-7409-40EF-901A-41519DACF61E} = {D361E00D-8A30-47EE-A2B4-F4A745C90D5D}
		{B4C82C8A-4AA0-494E-9430-DE6D0D60702D} = {253C2735-F514-4176-B53B-E2976768196A}
		{EAAAF6BB-50EB-4BBD-A5C3-B1EFA31B0CE6} = {253C2735-F514-4176-B53B-E2976768196A}
		{A759108B-A2F4-44CF-A6CB-A0905B9BCAB4} = {253C2735-F514-4176-B53B-E2976768196A}
	EndGlobalSection
	GlobalSection(ExtensibilityGlobals) = postSolution
		SolutionGuid = {EA997A1A-C23F-46CE-B2A7-3C2CEA3ADB41}
	EndGlobalSection
EndGlobal
