
Microsoft Visual Studio Solution File, Format Version 12.00
# Visual Studio Version 17
VisualStudioVersion = 17.0.31903.59
MinimumVisualStudioVersion = 10.0.40219.1
Project("{2150E333-8FDC-42A3-9474-1A3956D46DE8}") = "src", "src", "{EEC8FA8D-3E2D-4973-9B9F-2651E9725DBA}"
EndProject
Project("{2150E333-8FDC-42A3-9474-1A3956D46DE8}") = "Identity", "Identity", "{D573585E-31B7-4ED1-9973-2C6790E06F9C}"
EndProject
Project("{FAE04EC0-301F-11D3-BF4B-00C04F79EFBC}") = "CineControll.Application", "src\Identity\CineControl.Application\CineControll.Application.csproj", "{062F46D3-91B1-4781-B8C1-91EF26B0F3EE}"
EndProject
Project("{FAE04EC0-301F-11D3-BF4B-00C04F79EFBC}") = "CineControl.Domain", "src\Identity\CineControl.Domain\CineControl.Domain.csproj", "{311724C9-DC05-416A-8F5C-755DF01383DD}"
EndProject
Project("{FAE04EC0-301F-11D3-BF4B-00C04F79EFBC}") = "CineControl.Infrastructure", "src\Identity\CineControl.Infrastructure\CineControl.Infrastructure.csproj", "{FBF0CE31-1DDC-4E41-8E87-8BE45C2A75DF}"
EndProject
Global
	GlobalSection(SolutionConfigurationPlatforms) = preSolution
		Debug|Any CPU = Debug|Any CPU
		Release|Any CPU = Release|Any CPU
	EndGlobalSection
	GlobalSection(SolutionProperties) = preSolution
		HideSolutionNode = FALSE
	EndGlobalSection
	GlobalSection(ProjectConfigurationPlatforms) = postSolution
		{062F46D3-91B1-4781-B8C1-91EF26B0F3EE}.Debug|Any CPU.ActiveCfg = Debug|Any CPU
		{062F46D3-91B1-4781-B8C1-91EF26B0F3EE}.Debug|Any CPU.Build.0 = Debug|Any CPU
		{062F46D3-91B1-4781-B8C1-91EF26B0F3EE}.Release|Any CPU.ActiveCfg = Release|Any CPU
		{062F46D3-91B1-4781-B8C1-91EF26B0F3EE}.Release|Any CPU.Build.0 = Release|Any CPU
		{311724C9-DC05-416A-8F5C-755DF01383DD}.Debug|Any CPU.ActiveCfg = Debug|Any CPU
		{311724C9-DC05-416A-8F5C-755DF01383DD}.Debug|Any CPU.Build.0 = Debug|Any CPU
		{311724C9-DC05-416A-8F5C-755DF01383DD}.Release|Any CPU.ActiveCfg = Release|Any CPU
		{311724C9-DC05-416A-8F5C-755DF01383DD}.Release|Any CPU.Build.0 = Release|Any CPU
		{FBF0CE31-1DDC-4E41-8E87-8BE45C2A75DF}.Debug|Any CPU.ActiveCfg = Debug|Any CPU
		{FBF0CE31-1DDC-4E41-8E87-8BE45C2A75DF}.Debug|Any CPU.Build.0 = Debug|Any CPU
		{FBF0CE31-1DDC-4E41-8E87-8BE45C2A75DF}.Release|Any CPU.ActiveCfg = Release|Any CPU
		{FBF0CE31-1DDC-4E41-8E87-8BE45C2A75DF}.Release|Any CPU.Build.0 = Release|Any CPU
	EndGlobalSection
	GlobalSection(NestedProjects) = preSolution
		{D573585E-31B7-4ED1-9973-2C6790E06F9C} = {EEC8FA8D-3E2D-4973-9B9F-2651E9725DBA}
		{062F46D3-91B1-4781-B8C1-91EF26B0F3EE} = {D573585E-31B7-4ED1-9973-2C6790E06F9C}
		{311724C9-DC05-416A-8F5C-755DF01383DD} = {D573585E-31B7-4ED1-9973-2C6790E06F9C}
		{FBF0CE31-1DDC-4E41-8E87-8BE45C2A75DF} = {D573585E-31B7-4ED1-9973-2C6790E06F9C}
	EndGlobalSection
EndGlobal
